
Microsoft Visual Studio Solution File, Format Version 12.00
# Visual Studio Version 18
VisualStudioVersion = 18.1.11312.151
MinimumVisualStudioVersion = 10.0.40219.1
Project("{FAE04EC0-301F-11D3-BF4B-00C04F79EFBC}") = "StreamPunk", "StreamPunk.csproj", "{9156859C-6E3C-8A19-6CC3-2EB1DE90F135}"
EndProject
Project("{FAE04EC0-301F-11D3-BF4B-00C04F79EFBC}") = "StreamPunk.Tests", "StreamPunk.Tests\StreamPunk.Tests.csproj", "{9797149F-CA76-47EA-8056-6671CFFEE0C3}"
EndProject
Global
	GlobalSection(SolutionConfigurationPlatforms) = preSolution
		Debug|Any CPU = Debug|Any CPU
		Release|Any CPU = Release|Any CPU
	EndGlobalSection
	GlobalSection(ProjectConfigurationPlatforms) = postSolution
		{9156859C-6E3C-8A19-6CC3-2EB1DE90F135}.Debug|Any CPU.ActiveCfg = Debug|Any CPU
		{9156859C-6E3C-8A19-6CC3-2EB1DE90F135}.Debug|Any CPU.Build.0 = Debug|Any CPU
		{9156859C-6E3C-8A19-6CC3-2EB1DE90F135}.Release|Any CPU.ActiveCfg = Release|Any CPU
		{9156859C-6E3C-8A19-6CC3-2EB1DE90F135}.Release|Any CPU.Build.0 = Release|Any CPU
		{9797149F-CA76-47EA-8056-6671CFFEE0C3}.Debug|Any CPU.ActiveCfg = Debug|Any CPU
		{9797149F-CA76-47EA-8056-6671CFFEE0C3}.Debug|Any CPU.Build.0 = Debug|Any CPU
		{9797149F-CA76-47EA-8056-6671CFFEE0C3}.Release|Any CPU.ActiveCfg = Release|Any CPU
		{9797149F-CA76-47EA-8056-6671CFFEE0C3}.Release|Any CPU.Build.0 = Release|Any CPU
	EndGlobalSection
	GlobalSection(SolutionProperties) = preSolution
		HideSolutionNode = FALSE
	EndGlobalSection
	GlobalSection(ExtensibilityGlobals) = postSolution
		SolutionGuid = {BCED20AF-D378-4C80-B83B-C549610DA1BC}
	EndGlobalSection
EndGlobal
